
Microsoft Visual Studio Solution File, Format Version 12.00
# Visual Studio 2012
Project("{FAE04EC0-301F-11D3-BF4B-00C04F79EFBC}") = "StudentDetails", "StudentDetails\StudentDetails.csproj", "{3B366AB3-11B8-434E-9D2D-0F06BD9086F5}"
EndProject
Global
	GlobalSection(SolutionConfigurationPlatforms) = preSolution
		Debug|Any CPU = Debug|Any CPU
		Release|Any CPU = Release|Any CPU
	EndGlobalSection
	GlobalSection(ProjectConfigurationPlatforms) = postSolution
		{3B366AB3-11B8-434E-9D2D-0F06BD9086F5}.Debug|Any CPU.ActiveCfg = Debug|Any CPU
		{3B366AB3-11B8-434E-9D2D-0F06BD9086F5}.Debug|Any CPU.Build.0 = Debug|Any CPU
		{3B366AB3-11B8-434E-9D2D-0F06BD9086F5}.Release|Any CPU.ActiveCfg = Release|Any CPU
		{3B366AB3-11B8-434E-9D2D-0F06BD9086F5}.Release|Any CPU.Build.0 = Release|Any CPU
	EndGlobalSection
	GlobalSection(SolutionProperties) = preSolution
		HideSolutionNode = FALSE
	EndGlobalSection
EndGlobal
